{
  "name": "algorithms-and-data-structures",
  "version": "1.0.0",
  "lockfileVersion": 2,
  "requires": true,
  "packages": {
    "": {
      "version": "1.0.0",
      "license": "ISC",
      "dependencies": {
        "csv": "^6.0.1",
        "fs": "^0.0.1-security"
      },
      "devDependencies": {
        "@types/node": "^16.11.7",
        "typescript": "^4.4.4"
      }
    },
    "node_modules/@types/node": {
      "version": "16.11.7",
      "resolved": "https://registry.npmjs.org/@types/node/-/node-16.11.7.tgz",
      "integrity": "sha512-QB5D2sqfSjCmTuWcBWyJ+/44bcjO7VbjSbOE0ucoVbAsSNQc4Lt6QkgkVXkTDwkL4z/beecZNDvVX15D4P8Jbw==",
      "dev": true
    },
    "node_modules/csv": {
      "version": "6.0.1",
      "resolved": "https://registry.npmjs.org/csv/-/csv-6.0.1.tgz",
      "integrity": "sha512-dsrvAs5kzkUSBK/ykT/c4A1nlRilpROMM/bzl8vY6iJhFnApns5WTlDrxgddmVnHgGM8Kl3Hxs0L8ZsetIFIwQ==",
      "dependencies": {
        "csv-generate": "^4.0.1",
        "csv-parse": "^5.0.1",
        "csv-stringify": "^6.0.1",
        "stream-transform": "^3.0.1"
      },
      "engines": {
        "node": ">= 0.1.90"
      }
    },
    "node_modules/csv-generate": {
      "version": "4.0.1",
      "resolved": "https://registry.npmjs.org/csv-generate/-/csv-generate-4.0.1.tgz",
      "integrity": "sha512-gLWZJpNpI2VJnBoKk+zjdDWpndx+1XAdlSM2oVQ9uD/caB2uRStuyPCnSPDz44Q3i5tXo0aerlVZ17zlN9CF+A=="
    },
    "node_modules/csv-parse": {
      "version": "5.0.1",
      "resolved": "https://registry.npmjs.org/csv-parse/-/csv-parse-5.0.1.tgz",
      "integrity": "sha512-K1WfnyENJincXFtyHEA6DSe16+/aVdU6TCTqvJw+BouVNiovn1hBpO3BCGFPIhVnndy7c+2IOMMNEFir6Snh4Q=="
    },
    "node_modules/csv-stringify": {
      "version": "6.0.1",
      "resolved": "https://registry.npmjs.org/csv-stringify/-/csv-stringify-6.0.1.tgz",
      "integrity": "sha512-w9XpZZxOPa79s27DqIOI1xH/8SE6gRiQLZrTavD0DummNyTAWDR/teLKlaujpcz7ZlUaYFfu7THP57ArOqnY3A=="
    },
    "node_modules/fs": {
      "version": "0.0.1-security",
      "resolved": "https://registry.npmjs.org/fs/-/fs-0.0.1-security.tgz",
      "integrity": "sha1-invTcYa23d84E/I4WLV+yq9eQdQ="
    },
    "node_modules/stream-transform": {
      "version": "3.0.1",
      "resolved": "https://registry.npmjs.org/stream-transform/-/stream-transform-3.0.1.tgz",
      "integrity": "sha512-UvjGPmlQwIfLTiY8TqgA9kQSJj8T7cFBQTDsaiIRVZx3ZSoMLEluRmoXoArEbRpKhvsTkCWOskZpur/dgAeSRg=="
    },
    "node_modules/typescript": {
      "version": "4.4.4",
      "resolved": "https://registry.npmjs.org/typescript/-/typescript-4.4.4.tgz",
      "integrity": "sha512-DqGhF5IKoBl8WNf8C1gu8q0xZSInh9j1kJJMqT3a94w1JzVaBU4EXOSMrz9yDqMT0xt3selp83fuFMQ0uzv6qA==",
      "dev": true,
      "bin": {
        "tsc": "bin/tsc",
        "tsserver": "bin/tsserver"
      },
      "engines": {
        "node": ">=4.2.0"
      }
    }
  },
  "dependencies": {
    "@types/node": {
      "version": "16.11.7",
      "resolved": "https://registry.npmjs.org/@types/node/-/node-16.11.7.tgz",
      "integrity": "sha512-QB5D2sqfSjCmTuWcBWyJ+/44bcjO7VbjSbOE0ucoVbAsSNQc4Lt6QkgkVXkTDwkL4z/beecZNDvVX15D4P8Jbw==",
      "dev": true
    },
    "csv": {
      "version": "6.0.1",
      "resolved": "https://registry.npmjs.org/csv/-/csv-6.0.1.tgz",
      "integrity": "sha512-dsrvAs5kzkUSBK/ykT/c4A1nlRilpROMM/bzl8vY6iJhFnApns5WTlDrxgddmVnHgGM8Kl3Hxs0L8ZsetIFIwQ==",
      "requires": {
        "csv-generate": "^4.0.1",
        "csv-parse": "^5.0.1",
        "csv-stringify": "^6.0.1",
        "stream-transform": "^3.0.1"
      }
    },
    "csv-generate": {
      "version": "4.0.1",
      "resolved": "https://registry.npmjs.org/csv-generate/-/csv-generate-4.0.1.tgz",
      "integrity": "sha512-gLWZJpNpI2VJnBoKk+zjdDWpndx+1XAdlSM2oVQ9uD/caB2uRStuyPCnSPDz44Q3i5tXo0aerlVZ17zlN9CF+A=="
    },
    "csv-parse": {
      "version": "5.0.1",
      "resolved": "https://registry.npmjs.org/csv-parse/-/csv-parse-5.0.1.tgz",
      "integrity": "sha512-K1WfnyENJincXFtyHEA6DSe16+/aVdU6TCTqvJw+BouVNiovn1hBpO3BCGFPIhVnndy7c+2IOMMNEFir6Snh4Q=="
    },
    "csv-stringify": {
      "version": "6.0.1",
      "resolved": "https://registry.npmjs.org/csv-stringify/-/csv-stringify-6.0.1.tgz",
      "integrity": "sha512-w9XpZZxOPa79s27DqIOI1xH/8SE6gRiQLZrTavD0DummNyTAWDR/teLKlaujpcz7ZlUaYFfu7THP57ArOqnY3A=="
    },
    "fs": {
      "version": "0.0.1-security",
      "resolved": "https://registry.npmjs.org/fs/-/fs-0.0.1-security.tgz",
      "integrity": "sha1-invTcYa23d84E/I4WLV+yq9eQdQ="
    },
    "stream-transform": {
      "version": "3.0.1",
      "resolved": "https://registry.npmjs.org/stream-transform/-/stream-transform-3.0.1.tgz",
      "integrity": "sha512-UvjGPmlQwIfLTiY8TqgA9kQSJj8T7cFBQTDsaiIRVZx3ZSoMLEluRmoXoArEbRpKhvsTkCWOskZpur/dgAeSRg=="
    },
    "typescript": {
      "version": "4.4.4",
      "resolved": "https://registry.npmjs.org/typescript/-/typescript-4.4.4.tgz",
      "integrity": "sha512-DqGhF5IKoBl8WNf8C1gu8q0xZSInh9j1kJJMqT3a94w1JzVaBU4EXOSMrz9yDqMT0xt3selp83fuFMQ0uzv6qA==",
      "dev": true
    }
  }
}
